{
  "name": "elliptic-curve",
  "lockfileVersion": 2,
  "requires": true,
  "packages": {
    "": {
      "dependencies": {
        "@types/node": "^18.0.6",
        "bigint-conversion": "^2.2.1"
      }
    },
    "node_modules/@juanelas/base64": {
      "version": "1.0.4",
      "resolved": "https://registry.npmjs.org/@juanelas/base64/-/base64-1.0.4.tgz",
      "integrity": "sha512-KUidDSb+K7Rkoy2uJ/HdCnt4soNRlhNXONU8r8Cgic6Qq3E9BPg4kMSYXchM37WpYvGEGq2NUq/kCegMSLhtIg=="
    },
    "node_modules/@types/node": {
      "version": "18.0.6",
      "resolved": "https://registry.npmjs.org/@types/node/-/node-18.0.6.tgz",
      "integrity": "sha512-/xUq6H2aQm261exT6iZTMifUySEt4GR5KX8eYyY+C4MSNPqSh9oNIP7tz2GLKTlFaiBbgZNxffoR3CVRG+cljw=="
    },
    "node_modules/bigint-conversion": {
      "version": "2.2.1",
      "resolved": "https://registry.npmjs.org/bigint-conversion/-/bigint-conversion-2.2.1.tgz",
      "integrity": "sha512-9TvqpV+VZ04fPKv4KPLQRk5ZAFhgHX4F7bYQY263/BbJBFzEGbtBeTQV9oNuAGaqj88PXdov1OcSNQtq9K9MPA==",
      "dependencies": {
        "@juanelas/base64": "^1.0.1"
      }
    }
  },
  "dependencies": {
    "@juanelas/base64": {
      "version": "1.0.4",
      "resolved": "https://registry.npmjs.org/@juanelas/base64/-/base64-1.0.4.tgz",
      "integrity": "sha512-KUidDSb+K7Rkoy2uJ/HdCnt4soNRlhNXONU8r8Cgic6Qq3E9BPg4kMSYXchM37WpYvGEGq2NUq/kCegMSLhtIg=="
    },
    "@types/node": {
      "version": "18.0.6",
      "resolved": "https://registry.npmjs.org/@types/node/-/node-18.0.6.tgz",
      "integrity": "sha512-/xUq6H2aQm261exT6iZTMifUySEt4GR5KX8eYyY+C4MSNPqSh9oNIP7tz2GLKTlFaiBbgZNxffoR3CVRG+cljw=="
    },
    "bigint-conversion": {
      "version": "2.2.1",
      "resolved": "https://registry.npmjs.org/bigint-conversion/-/bigint-conversion-2.2.1.tgz",
      "integrity": "sha512-9TvqpV+VZ04fPKv4KPLQRk5ZAFhgHX4F7bYQY263/BbJBFzEGbtBeTQV9oNuAGaqj88PXdov1OcSNQtq9K9MPA==",
      "requires": {
        "@juanelas/base64": "^1.0.1"
      }
    }
  }
}
